
Microsoft Visual Studio Solution File, Format Version 12.00
# Visual Studio Version 17
VisualStudioVersion = 17.14.36301.6 d17.14
MinimumVisualStudioVersion = 10.0.40219.1
Project("{FAE04EC0-301F-11D3-BF4B-00C04F79EFBC}") = "APIVersioningDotNetCore", "APIVersioningDotNetCore.csproj", "{1DAE8E08-6750-4DAF-B20F-FAF5BD1C135E}"
EndProject
Global
	GlobalSection(SolutionConfigurationPlatforms) = preSolution
		Debug|Any CPU = Debug|Any CPU
		Release|Any CPU = Release|Any CPU
	EndGlobalSection
	GlobalSection(ProjectConfigurationPlatforms) = postSolution
		{1DAE8E08-6750-4DAF-B20F-FAF5BD1C135E}.Debug|Any CPU.ActiveCfg = Debug|Any CPU
		{1DAE8E08-6750-4DAF-B20F-FAF5BD1C135E}.Debug|Any CPU.Build.0 = Debug|Any CPU
		{1DAE8E08-6750-4DAF-B20F-FAF5BD1C135E}.Release|Any CPU.ActiveCfg = Release|Any CPU
		{1DAE8E08-6750-4DAF-B20F-FAF5BD1C135E}.Release|Any CPU.Build.0 = Release|Any CPU
	EndGlobalSection
	GlobalSection(SolutionProperties) = preSolution
		HideSolutionNode = FALSE
	EndGlobalSection
	GlobalSection(ExtensibilityGlobals) = postSolution
		SolutionGuid = {75195A6C-43AA-46FF-9CFE-787FEBFB2ED1}
	EndGlobalSection
EndGlobal
